
Microsoft Visual Studio Solution File, Format Version 12.00
# Visual Studio 15
VisualStudioVersion = 15.0.26430.16
MinimumVisualStudioVersion = 10.0.40219.1
Project("{8BC9CEB8-8B4A-11D0-8D11-00A0C91BC942}") = "game_project", "game_project\game_project.vcxproj", "{4A7BE2AE-32FD-461F-B5E9-F97CB731D647}"
EndProject
Global
	GlobalSection(SolutionConfigurationPlatforms) = preSolution
		Debug|windows 32 bit = Debug|windows 32 bit
		Release|windows 32 bit = Release|windows 32 bit
	EndGlobalSection
	GlobalSection(ProjectConfigurationPlatforms) = postSolution
		{4A7BE2AE-32FD-461F-B5E9-F97CB731D647}.Debug|windows 32 bit.ActiveCfg = Debug|Win32
		{4A7BE2AE-32FD-461F-B5E9-F97CB731D647}.Debug|windows 32 bit.Build.0 = Debug|Win32
		{4A7BE2AE-32FD-461F-B5E9-F97CB731D647}.Release|windows 32 bit.ActiveCfg = Release|Win32
		{4A7BE2AE-32FD-461F-B5E9-F97CB731D647}.Release|windows 32 bit.Build.0 = Release|Win32
	EndGlobalSection
	GlobalSection(SolutionProperties) = preSolution
		HideSolutionNode = FALSE
	EndGlobalSection
EndGlobal
